
Microsoft Visual Studio Solution File, Format Version 12.00
# Visual Studio 2012
Project("{FAE04EC0-301F-11D3-BF4B-00C04F79EFBC}") = "AppScanReportMaker", "AppScanReportMaker\AppScanReportMaker.csproj", "{9B638088-235A-4B6B-8E09-AD1F4001EAA4}"
EndProject
Global
	GlobalSection(SolutionConfigurationPlatforms) = preSolution
		Debug|Any CPU = Debug|Any CPU
		Release|Any CPU = Release|Any CPU
	EndGlobalSection
	GlobalSection(ProjectConfigurationPlatforms) = postSolution
		{9B638088-235A-4B6B-8E09-AD1F4001EAA4}.Debug|Any CPU.ActiveCfg = Debug|Any CPU
		{9B638088-235A-4B6B-8E09-AD1F4001EAA4}.Debug|Any CPU.Build.0 = Debug|Any CPU
		{9B638088-235A-4B6B-8E09-AD1F4001EAA4}.Release|Any CPU.ActiveCfg = Release|Any CPU
		{9B638088-235A-4B6B-8E09-AD1F4001EAA4}.Release|Any CPU.Build.0 = Release|Any CPU
	EndGlobalSection
	GlobalSection(SolutionProperties) = preSolution
		HideSolutionNode = FALSE
	EndGlobalSection
EndGlobal
